
Microsoft Visual Studio Solution File, Format Version 12.00
# Visual Studio Version 17
VisualStudioVersion = 17.3.32811.315
MinimumVisualStudioVersion = 10.0.40219.1
Project("{FAE04EC0-301F-11D3-BF4B-00C04F79EFBC}") = "FourteamApiGateway", "FourteamApiGateway\FourteamApiGateway.csproj", "{8973A057-AE43-4354-B894-A86A8F263C85}"
EndProject
Global
	GlobalSection(SolutionConfigurationPlatforms) = preSolution
		Debug|Any CPU = Debug|Any CPU
		Release|Any CPU = Release|Any CPU
	EndGlobalSection
	GlobalSection(ProjectConfigurationPlatforms) = postSolution
		{8973A057-AE43-4354-B894-A86A8F263C85}.Debug|Any CPU.ActiveCfg = Debug|Any CPU
		{8973A057-AE43-4354-B894-A86A8F263C85}.Debug|Any CPU.Build.0 = Debug|Any CPU
		{8973A057-AE43-4354-B894-A86A8F263C85}.Release|Any CPU.ActiveCfg = Release|Any CPU
		{8973A057-AE43-4354-B894-A86A8F263C85}.Release|Any CPU.Build.0 = Release|Any CPU
	EndGlobalSection
	GlobalSection(SolutionProperties) = preSolution
		HideSolutionNode = FALSE
	EndGlobalSection
	GlobalSection(ExtensibilityGlobals) = postSolution
		SolutionGuid = {3B12B284-922C-4666-BB0F-54C59BA1C371}
	EndGlobalSection
EndGlobal
